// !$*UTF8*$!
{
	archiveVersion = 1;
	classes = {
	};
	objectVersion = 46;
	objects = {

/* Begin PBXBuildFile section */
		59449C161AF12CAA0003EB50 /* main.m in Sources */ = {isa = PBXBuildFile; fileRef = 59449C151AF12CAA0003EB50 /* main.m */; };
		59449C191AF12CAA0003EB50 /* AppDelegate.m in Sources */ = {isa = PBXBuildFile; fileRef = 59449C181AF12CAA0003EB50 /* AppDelegate.m */; };
		59449C1B1AF12CAA0003EB50 /* Images.xcassets in Resources */ = {isa = PBXBuildFile; fileRef = 59449C1A1AF12CAA0003EB50 /* Images.xcassets */; };
		59449C1E1AF12CAA0003EB50 /* LaunchScreen.xib in Resources */ = {isa = PBXBuildFile; fileRef = 59449C1C1AF12CAA0003EB50 /* LaunchScreen.xib */; };
		59449C2A1AF12CAB0003EB50 /* Agbo_CC_ScoopsTests.m in Sources */ = {isa = PBXBuildFile; fileRef = 59449C291AF12CAB0003EB50 /* Agbo_CC_ScoopsTests.m */; };
		59449C341AF12CCD0003EB50 /* WindowsAzureMobileServices.framework in Frameworks */ = {isa = PBXBuildFile; fileRef = 59449C331AF12CCD0003EB50 /* WindowsAzureMobileServices.framework */; };
/* End PBXBuildFile section */

/* Begin PBXContainerItemProxy section */
		59449C241AF12CAB0003EB50 /* PBXContainerItemProxy */ = {
			isa = PBXContainerItemProxy;
			containerPortal = 59449C081AF12CAA0003EB50 /* Project object */;
			proxyType = 1;
			remoteGlobalIDString = 59449C0F1AF12CAA0003EB50;
			remoteInfo = Agbo_CC_Scoops;
		};
/* End PBXContainerItemProxy section */

/* Begin PBXFileReference section */
		59449C101AF12CAA0003EB50 /* Agbo_CC_Scoops.app */ = {isa = PBXFileReference; explicitFileType = wrapper.application; includeInIndex = 0; path = Agbo_CC_Scoops.app; sourceTree = BUILT_PRODUCTS_DIR; };
		59449C141AF12CAA0003EB50 /* Info.plist */ = {isa = PBXFileReference; lastKnownFileType = text.plist.xml; path = Info.plist; sourceTree = "<group>"; };
		59449C151AF12CAA0003EB50 /* main.m */ = {isa = PBXFileReference; lastKnownFileType = sourcecode.c.objc; path = main.m; sourceTree = "<group>"; };
		59449C171AF12CAA0003EB50 /* AppDelegate.h */ = {isa = PBXFileReference; lastKnownFileType = sourcecode.c.h; path = AppDelegate.h; sourceTree = "<group>"; };
		59449C181AF12CAA0003EB50 /* AppDelegate.m */ = {isa = PBXFileReference; lastKnownFileType = sourcecode.c.objc; path = AppDelegate.m; sourceTree = "<group>"; };
		59449C1A1AF12CAA0003EB50 /* Images.xcassets */ = {isa = PBXFileReference; lastKnownFileType = folder.assetcatalog; path = Images.xcassets; sourceTree = "<group>"; };
		59449C1D1AF12CAA0003EB50 /* Base */ = {isa = PBXFileReference; lastKnownFileType = file.xib; name = Base; path = Base.lproj/LaunchScreen.xib; sourceTree = "<group>"; };
		59449C231AF12CAB0003EB50 /* Agbo_CC_ScoopsTests.xctest */ = {isa = PBXFileReference; explicitFileType = wrapper.cfbundle; includeInIndex = 0; path = Agbo_CC_ScoopsTests.xctest; sourceTree = BUILT_PRODUCTS_DIR; };
		59449C281AF12CAB0003EB50 /* Info.plist */ = {isa = PBXFileReference; lastKnownFileType = text.plist.xml; path = Info.plist; sourceTree = "<group>"; };
		59449C291AF12CAB0003EB50 /* Agbo_CC_ScoopsTests.m */ = {isa = PBXFileReference; lastKnownFileType = sourcecode.c.objc; path = Agbo_CC_ScoopsTests.m; sourceTree = "<group>"; };
		59449C331AF12CCD0003EB50 /* WindowsAzureMobileServices.framework */ = {isa = PBXFileReference; lastKnownFileType = wrapper.framework; path = WindowsAzureMobileServices.framework; sourceTree = "<group>"; };
/* End PBXFileReference section */

/* Begin PBXFrameworksBuildPhase section */
		59449C0D1AF12CAA0003EB50 /* Frameworks */ = {
			isa = PBXFrameworksBuildPhase;
			buildActionMask = 2147483647;
			files = (
				59449C341AF12CCD0003EB50 /* WindowsAzureMobileServices.framework in Frameworks */,
			);
			runOnlyForDeploymentPostprocessing = 0;
		};
		59449C201AF12CAB0003EB50 /* Frameworks */ = {
			isa = PBXFrameworksBuildPhase;
			buildActionMask = 2147483647;
			files = (
			);
			runOnlyForDeploymentPostprocessing = 0;
		};
/* End PBXFrameworksBuildPhase section */

/* Begin PBXGroup section */
		59449C071AF12CAA0003EB50 = {
			isa = PBXGroup;
			children = (
				59449C121AF12CAA0003EB50 /* Agbo_CC_Scoops */,
				59449C261AF12CAB0003EB50 /* Agbo_CC_ScoopsTests */,
				59449C111AF12CAA0003EB50 /* Products */,
			);
			sourceTree = "<group>";
		};
		59449C111AF12CAA0003EB50 /* Products */ = {
			isa = PBXGroup;
			children = (
				59449C101AF12CAA0003EB50 /* Agbo_CC_Scoops.app */,
				59449C231AF12CAB0003EB50 /* Agbo_CC_ScoopsTests.xctest */,
			);
			name = Products;
			sourceTree = "<group>";
		};
		59449C121AF12CAA0003EB50 /* Agbo_CC_Scoops */ = {
			isa = PBXGroup;
			children = (
				59449C331AF12CCD0003EB50 /* WindowsAzureMobileServices.framework */,
				59449C171AF12CAA0003EB50 /* AppDelegate.h */,
				59449C181AF12CAA0003EB50 /* AppDelegate.m */,
				59449C1A1AF12CAA0003EB50 /* Images.xcassets */,
				59449C1C1AF12CAA0003EB50 /* LaunchScreen.xib */,
				59449C131AF12CAA0003EB50 /* Supporting Files */,
			);
			path = Agbo_CC_Scoops;
			sourceTree = "<group>";
		};
		59449C131AF12CAA0003EB50 /* Supporting Files */ = {
			isa = PBXGroup;
			children = (
				59449C141AF12CAA0003EB50 /* Info.plist */,
				59449C151AF12CAA0003EB50 /* main.m */,
			);
			name = "Supporting Files";
			sourceTree = "<group>";
		};
		59449C261AF12CAB0003EB50 /* Agbo_CC_ScoopsTests */ = {
			isa = PBXGroup;
			children = (
				59449C291AF12CAB0003EB50 /* Agbo_CC_ScoopsTests.m */,
				59449C271AF12CAB0003EB50 /* Supporting Files */,
			);
			path = Agbo_CC_ScoopsTests;
			sourceTree = "<group>";
		};
		59449C271AF12CAB0003EB50 /* Supporting Files */ = {
			isa = PBXGroup;
			children = (
				59449C281AF12CAB0003EB50 /* Info.plist */,
			);
			name = "Supporting Files";
			sourceTree = "<group>";
		};
/* End PBXGroup section */

/* Begin PBXNativeTarget section */
		59449C0F1AF12CAA0003EB50 /* Agbo_CC_Scoops */ = {
			isa = PBXNativeTarget;
			buildConfigurationList = 59449C2D1AF12CAB0003EB50 /* Build configuration list for PBXNativeTarget "Agbo_CC_Scoops" */;
			buildPhases = (
				59449C0C1AF12CAA0003EB50 /* Sources */,
				59449C0D1AF12CAA0003EB50 /* Frameworks */,
				59449C0E1AF12CAA0003EB50 /* Resources */,
			);
			buildRules = (
			);
			dependencies = (
			);
			name = Agbo_CC_Scoops;
			productName = Agbo_CC_Scoops;
			productReference = 59449C101AF12CAA0003EB50 /* Agbo_CC_Scoops.app */;
			productType = "com.apple.product-type.application";
		};
		59449C221AF12CAB0003EB50 /* Agbo_CC_ScoopsTests */ = {
			isa = PBXNativeTarget;
			buildConfigurationList = 59449C301AF12CAB0003EB50 /* Build configuration list for PBXNativeTarget "Agbo_CC_ScoopsTests" */;
			buildPhases = (
				59449C1F1AF12CAB0003EB50 /* Sources */,
				59449C201AF12CAB0003EB50 /* Frameworks */,
				59449C211AF12CAB0003EB50 /* Resources */,
			);
			buildRules = (
			);
			dependencies = (
				59449C251AF12CAB0003EB50 /* PBXTargetDependency */,
			);
			name = Agbo_CC_ScoopsTests;
			productName = Agbo_CC_ScoopsTests;
			productReference = 59449C231AF12CAB0003EB50 /* Agbo_CC_ScoopsTests.xctest */;
			productType = "com.apple.product-type.bundle.unit-test";
		};
/* End PBXNativeTarget section */

/* Begin PBXProject section */
		59449C081AF12CAA0003EB50 /* Project object */ = {
			isa = PBXProject;
			attributes = {
				LastUpgradeCheck = 0630;
				ORGANIZATIONNAME = "David de Tena";
				TargetAttributes = {
					59449C0F1AF12CAA0003EB50 = {
						CreatedOnToolsVersion = 6.3;
					};
					59449C221AF12CAB0003EB50 = {
						CreatedOnToolsVersion = 6.3;
						TestTargetID = 59449C0F1AF12CAA0003EB50;
					};
				};
			};
			buildConfigurationList = 59449C0B1AF12CAA0003EB50 /* Build configuration list for PBXProject "Agbo_CC_Scoops" */;
			compatibilityVersion = "Xcode 3.2";
			developmentRegion = English;
			hasScannedForEncodings = 0;
			knownRegions = (
				en,
				Base,
			);
			mainGroup = 59449C071AF12CAA0003EB50;
			productRefGroup = 59449C111AF12CAA0003EB50 /* Products */;
			projectDirPath = "";
			projectRoot = "";
			targets = (
				59449C0F1AF12CAA0003EB50 /* Agbo_CC_Scoops */,
				59449C221AF12CAB0003EB50 /* Agbo_CC_ScoopsTests */,
			);
		};
/* End PBXProject section */

/* Begin PBXResourcesBuildPhase section */
		59449C0E1AF12CAA0003EB50 /* Resources */ = {
			isa = PBXResourcesBuildPhase;
			buildActionMask = 2147483647;
			files = (
				59449C1E1AF12CAA0003EB50 /* LaunchScreen.xib in Resources */,
				59449C1B1AF12CAA0003EB50 /* Images.xcassets in Resources */,
			);
			runOnlyForDeploymentPostprocessing = 0;
		};
		59449C211AF12CAB0003EB50 /* Resources */ = {
			isa = PBXResourcesBuildPhase;
			buildActionMask = 2147483647;
			files = (
			);
			runOnlyForDeploymentPostprocessing = 0;
		};
/* End PBXResourcesBuildPhase section */

/* Begin PBXSourcesBuildPhase section */
		59449C0C1AF12CAA0003EB50 /* Sources */ = {
			isa = PBXSourcesBuildPhase;
			buildActionMask = 2147483647;
			files = (
				59449C191AF12CAA0003EB50 /* AppDelegate.m in Sources */,
				59449C161AF12CAA0003EB50 /* main.m in Sources */,
			);
			runOnlyForDeploymentPostprocessing = 0;
		};
		59449C1F1AF12CAB0003EB50 /* Sources */ = {
			isa = PBXSourcesBuildPhase;
			buildActionMask = 2147483647;
			files = (
				59449C2A1AF12CAB0003EB50 /* Agbo_CC_ScoopsTests.m in Sources */,
			);
			runOnlyForDeploymentPostprocessing = 0;
		};
/* End PBXSourcesBuildPhase section */

/* Begin PBXTargetDependency section */
		59449C251AF12CAB0003EB50 /* PBXTargetDependency */ = {
			isa = PBXTargetDependency;
			target = 59449C0F1AF12CAA0003EB50 /* Agbo_CC_Scoops */;
			targetProxy = 59449C241AF12CAB0003EB50 /* PBXContainerItemProxy */;
		};
/* End PBXTargetDependency section */

/* Begin PBXVariantGroup section */
		59449C1C1AF12CAA0003EB50 /* LaunchScreen.xib */ = {
			isa = PBXVariantGroup;
			children = (
				59449C1D1AF12CAA0003EB50 /* Base */,
			);
			name = LaunchScreen.xib;
			sourceTree = "<group>";
		};
/* End PBXVariantGroup section */

/* Begin XCBuildConfiguration section */
		59449C2B1AF12CAB0003EB50 /* Debug */ = {
			isa = XCBuildConfiguration;
			buildSettings = {
				ALWAYS_SEARCH_USER_PATHS = NO;
				CLANG_CXX_LANGUAGE_STANDARD = "gnu++0x";
				CLANG_CXX_LIBRARY = "libc++";
				CLANG_ENABLE_MODULES = YES;
				CLANG_ENABLE_OBJC_ARC = YES;
				CLANG_WARN_BOOL_CONVERSION = YES;
				CLANG_WARN_CONSTANT_CONVERSION = YES;
				CLANG_WARN_DIRECT_OBJC_ISA_USAGE = YES_ERROR;
				CLANG_WARN_EMPTY_BODY = YES;
				CLANG_WARN_ENUM_CONVERSION = YES;
				CLANG_WARN_INT_CONVERSION = YES;
				CLANG_WARN_OBJC_ROOT_CLASS = YES_ERROR;
				CLANG_WARN_UNREACHABLE_CODE = YES;
				CLANG_WARN__DUPLICATE_METHOD_MATCH = YES;
				"CODE_SIGN_IDENTITY[sdk=iphoneos*]" = "iPhone Developer";
				COPY_PHASE_STRIP = NO;
				DEBUG_INFORMATION_FORMAT = "dwarf-with-dsym";
				ENABLE_STRICT_OBJC_MSGSEND = YES;
				GCC_C_LANGUAGE_STANDARD = gnu99;
				GCC_DYNAMIC_NO_PIC = NO;
				GCC_NO_COMMON_BLOCKS = YES;
				GCC_OPTIMIZATION_LEVEL = 0;
				GCC_PREPROCESSOR_DEFINITIONS = (
					"DEBUG=1",
					"$(inherited)",
				);
				GCC_SYMBOLS_PRIVATE_EXTERN = NO;
				GCC_WARN_64_TO_32_BIT_CONVERSION = YES;
				GCC_WARN_ABOUT_RETURN_TYPE = YES_ERROR;
				GCC_WARN_UNDECLARED_SELECTOR = YES;
				GCC_WARN_UNINITIALIZED_AUTOS = YES_AGGRESSIVE;
				GCC_WARN_UNUSED_FUNCTION = YES;
				GCC_WARN_UNUSED_VARIABLE = YES;
				IPHONEOS_DEPLOYMENT_TARGET = 8.3;
				MTL_ENABLE_DEBUG_INFO = YES;
				ONLY_ACTIVE_ARCH = YES;
				SDKROOT = iphoneos;
				TARGETED_DEVICE_FAMILY = "1,2";
			};
			name = Debug;
		};
		59449C2C1AF12CAB0003EB50 /* Release */ = {
			isa = XCBuildConfiguration;
			buildSettings = {
				ALWAYS_SEARCH_USER_PATHS = NO;
				CLANG_CXX_LANGUAGE_STANDARD = "gnu++0x";
				CLANG_CXX_LIBRARY = "libc++";
				CLANG_ENABLE_MODULES = YES;
				CLANG_ENABLE_OBJC_ARC = YES;
				CLANG_WARN_BOOL_CONVERSION = YES;
				CLANG_WARN_CONSTANT_CONVERSION = YES;
				CLANG_WARN_DIRECT_OBJC_ISA_USAGE = YES_ERROR;
				CLANG_WARN_EMPTY_BODY = YES;
				CLANG_WARN_ENUM_CONVERSION = YES;
				CLANG_WARN_INT_CONVERSION = YES;
				CLANG_WARN_OBJC_ROOT_CLASS = YES_ERROR;
				CLANG_WARN_UNREACHABLE_CODE = YES;
				CLANG_WARN__DUPLICATE_METHOD_MATCH = YES;
				"CODE_SIGN_IDENTITY[sdk=iphoneos*]" = "iPhone Developer";
				COPY_PHASE_STRIP = NO;
				DEBUG_INFORMATION_FORMAT = "dwarf-with-dsym";
				ENABLE_NS_ASSERTIONS = NO;
				ENABLE_STRICT_OBJC_MSGSEND = YES;
				GCC_C_LANGUAGE_STANDARD = gnu99;
				GCC_NO_COMMON_BLOCKS = YES;
				GCC_WARN_64_TO_32_BIT_CONVERSION = YES;
				GCC_WARN_ABOUT_RETURN_TYPE = YES_ERROR;
				GCC_WARN_UNDECLARED_SELECTOR = YES;
				GCC_WARN_UNINITIALIZED_AUTOS = YES_AGGRESSIVE;
				GCC_WARN_UNUSED_FUNCTION = YES;
				GCC_WARN_UNUSED_VARIABLE = YES;
				IPHONEOS_DEPLOYMENT_TARGET = 8.3;
				MTL_ENABLE_DEBUG_INFO = NO;
				SDKROOT = iphoneos;
				TARGETED_DEVICE_FAMILY = "1,2";
				VALIDATE_PRODUCT = YES;
			};
			name = Release;
		};
		59449C2E1AF12CAB0003EB50 /* Debug */ = {
			isa = XCBuildConfiguration;
			buildSettings = {
				ASSETCATALOG_COMPILER_APPICON_NAME = AppIcon;
				FRAMEWORK_SEARCH_PATHS = (
					"$(inherited)",
					"$(PROJECT_DIR)/Agbo_CC_Scoops",
				);
				INFOPLIST_FILE = Agbo_CC_Scoops/Info.plist;
				LD_RUNPATH_SEARCH_PATHS = "$(inherited) @executable_path/Frameworks";
				PRODUCT_NAME = "$(TARGET_NAME)";
			};
			name = Debug;
		};
		59449C2F1AF12CAB0003EB50 /* Release */ = {
			isa = XCBuildConfiguration;
			buildSettings = {
				ASSETCATALOG_COMPILER_APPICON_NAME = AppIcon;
				FRAMEWORK_SEARCH_PATHS = (
					"$(inherited)",
					"$(PROJECT_DIR)/Agbo_CC_Scoops",
				);
				INFOPLIST_FILE = Agbo_CC_Scoops/Info.plist;
				LD_RUNPATH_SEARCH_PATHS = "$(inherited) @executable_path/Frameworks";
				PRODUCT_NAME = "$(TARGET_NAME)";
			};
			name = Release;
		};
		59449C311AF12CAB0003EB50 /* Debug */ = {
			isa = XCBuildConfiguration;
			buildSettings = {
				BUNDLE_LOADER = "$(TEST_HOST)";
				FRAMEWORK_SEARCH_PATHS = (
					"$(SDKROOT)/Developer/Library/Frameworks",
					"$(inherited)",
				);
				GCC_PREPROCESSOR_DEFINITIONS = (
					"DEBUG=1",
					"$(inherited)",
				);
				INFOPLIST_FILE = Agbo_CC_ScoopsTests/Info.plist;
				LD_RUNPATH_SEARCH_PATHS = "$(inherited) @executable_path/Frameworks @loader_path/Frameworks";
				PRODUCT_NAME = "$(TARGET_NAME)";
				TEST_HOST = "$(BUILT_PRODUCTS_DIR)/Agbo_CC_Scoops.app/Agbo_CC_Scoops";
			};
			name = Debug;
		};
		59449C321AF12CAB0003EB50 /* Release */ = {
			isa = XCBuildConfiguration;
			buildSettings = {
				BUNDLE_LOADER = "$(TEST_HOST)";
				FRAMEWORK_SEARCH_PATHS = (
					"$(SDKROOT)/Developer/Library/Frameworks",
					"$(inherited)",
				);
				INFOPLIST_FILE = Agbo_CC_ScoopsTests/Info.plist;
				LD_RUNPATH_SEARCH_PATHS = "$(inherited) @executable_path/Frameworks @loader_path/Frameworks";
				PRODUCT_NAME = "$(TARGET_NAME)";
				TEST_HOST = "$(BUILT_PRODUCTS_DIR)/Agbo_CC_Scoops.app/Agbo_CC_Scoops";
			};
			name = Release;
		};
/* End XCBuildConfiguration section */

/* Begin XCConfigurationList section */
		59449C0B1AF12CAA0003EB50 /* Build configuration list for PBXProject "Agbo_CC_Scoops" */ = {
			isa = XCConfigurationList;
			buildConfigurations = (
				59449C2B1AF12CAB0003EB50 /* Debug */,
				59449C2C1AF12CAB0003EB50 /* Release */,
			);
			defaultConfigurationIsVisible = 0;
			defaultConfigurationName = Release;
		};
		59449C2D1AF12CAB0003EB50 /* Build configuration list for PBXNativeTarget "Agbo_CC_Scoops" */ = {
			isa = XCConfigurationList;
			buildConfigurations = (
				59449C2E1AF12CAB0003EB50 /* Debug */,
				59449C2F1AF12CAB0003EB50 /* Release */,
			);
			defaultConfigurationIsVisible = 0;
		};
		59449C301AF12CAB0003EB50 /* Build configuration list for PBXNativeTarget "Agbo_CC_ScoopsTests" */ = {
			isa = XCConfigurationList;
			buildConfigurations = (
				59449C311AF12CAB0003EB50 /* Debug */,
				59449C321AF12CAB0003EB50 /* Release */,
			);
			defaultConfigurationIsVisible = 0;
		};
/* End XCConfigurationList section */
	};
	rootObject = 59449C081AF12CAA0003EB50 /* Project object */;
}
